# THIS IS AN AUTOGENERATED FILE. DO NOT EDIT THIS FILE DIRECTLY.
# yarn lockfile v1


ansi-styles@^3.1.0:
  version "3.2.0"
  resolved "https://registry.yarnpkg.com/ansi-styles/-/ansi-styles-3.2.0.tgz#c159b8d5be0f9e5a6f346dab94f16ce022161b88"
  dependencies:
    color-convert "^1.9.0"

chalk@^2.3.0:
  version "2.3.0"
  resolved "https://registry.yarnpkg.com/chalk/-/chalk-2.3.0.tgz#b5ea48efc9c1793dccc9b4767c93914d3f2d52ba"
  dependencies:
    ansi-styles "^3.1.0"
    escape-string-regexp "^1.0.5"
    supports-color "^4.0.0"

color-convert@^1.9.0:
  version "1.9.1"
  resolved "https://registry.yarnpkg.com/color-convert/-/color-convert-1.9.1.tgz#c1261107aeb2f294ebffec9ed9ecad529a6097ed"
  dependencies:
    color-name "^1.1.1"

color-name@^1.1.1:
  version "1.1.3"
  resolved "https://registry.yarnpkg.com/color-name/-/color-name-1.1.3.tgz#a7d0558bd89c42f795dd42328f740831ca53bc25"

commander@^2.13.0:
  version "2.20.0"
  resolved "https://registry.yarnpkg.com/commander/-/commander-2.20.0.tgz#d58bb2b5c1ee8f87b0d340027e9e94e222c5a422"

escape-string-regexp@^1.0.5:
  version "1.0.5"
  resolved "https://registry.yarnpkg.com/escape-string-regexp/-/escape-string-regexp-1.0.5.tgz#1b61c0562190a8dff6ae3bb2cf0200ca130b86d4"

has-flag@^2.0.0:
  version "2.0.0"
  resolved "https://registry.yarnpkg.com/has-flag/-/has-flag-2.0.0.tgz#e8207af1cc7b30d446cc70b734b5e8be18f88d51"

leftpad@0.0.1:
  version "0.0.1"
  resolved "https://registry.yarnpkg.com/leftpad/-/leftpad-0.0.1.tgz#86b1a4de4face180ac545a83f1503523d8fed115"

lodash@^4.17.20:
  version "4.17.20"
  resolved "https://registry.yarnpkg.com/lodash/-/lodash-4.17.20.tgz#b44a9b6297bcb698f1c51a3545a2b3b368d59c52"

node-fetch@^2.6.1:
  version "2.6.1"
  resolved "https://registry.yarnpkg.com/node-fetch/-/node-fetch-2.6.1.tgz#045bd323631f76ed2e2b55573394416b639a0052"

rightpad@^1.0.1:
  version "1.0.1"
  resolved "https://registry.yarnpkg.com/rightpad/-/rightpad-1.0.1.tgz#88273e1b5356fd25385b7a2be738ba790dd2f6e0"

snyk@^1.319.0:
  version "1.996.0"
  resolved "https://registry.yarnpkg.com/snyk/-/snyk-1.996.0.tgz#0369ca9e6a3a148751294c1320f59a79d5eb3c88"

supports-color@^4.0.0:
  version "4.5.0"
  resolved "https://registry.yarnpkg.com/supports-color/-/supports-color-4.5.0.tgz#be7a0de484dec5c5cddf8b3d59125044912f635b"
  dependencies:
    has-flag "^2.0.0"
